
Microsoft Visual Studio Solution File, Format Version 10.00
# Visual Studio 2008
Project("{F184B08F-C81C-45F6-A57F-5ABD9991F28F}") = "WIN_VB_Demo", "WIN_VB_Demo.vbproj", "{68C4AFC3-4228-4441-9895-D4B785026D69}"
EndProject
Global
	GlobalSection(SolutionConfigurationPlatforms) = preSolution
		Debug|Any CPU = Debug|Any CPU
		Release|Any CPU = Release|Any CPU
	EndGlobalSection
	GlobalSection(ProjectConfigurationPlatforms) = postSolution
		{68C4AFC3-4228-4441-9895-D4B785026D69}.Debug|Any CPU.ActiveCfg = Debug|Any CPU
		{68C4AFC3-4228-4441-9895-D4B785026D69}.Debug|Any CPU.Build.0 = Debug|Any CPU
		{68C4AFC3-4228-4441-9895-D4B785026D69}.Release|Any CPU.ActiveCfg = Release|Any CPU
		{68C4AFC3-4228-4441-9895-D4B785026D69}.Release|Any CPU.Build.0 = Release|Any CPU
	EndGlobalSection
	GlobalSection(SolutionProperties) = preSolution
		HideSolutionNode = FALSE
	EndGlobalSection
EndGlobal
